// !$*UTF8*$!
{
	archiveVersion = 1;
	classes = {
	};
	objectVersion = 50;
	objects = {

/* Begin PBXBuildFile section */
		809B1820250EA603004185DE /* AppDelegate.swift in Sources */ = {isa = PBXBuildFile; fileRef = 809B181F250EA603004185DE /* AppDelegate.swift */; };
		809B1822250EA603004185DE /* SceneDelegate.swift in Sources */ = {isa = PBXBuildFile; fileRef = 809B1821250EA603004185DE /* SceneDelegate.swift */; };
		809B1824250EA603004185DE /* ViewController.swift in Sources */ = {isa = PBXBuildFile; fileRef = 809B1823250EA603004185DE /* ViewController.swift */; };
		809B1827250EA603004185DE /* Main.storyboard in Resources */ = {isa = PBXBuildFile; fileRef = 809B1825250EA603004185DE /* Main.storyboard */; };
		809B1829250EA60A004185DE /* Assets.xcassets in Resources */ = {isa = PBXBuildFile; fileRef = 809B1828250EA60A004185DE /* Assets.xcassets */; };
		809B182C250EA60A004185DE /* LaunchScreen.storyboard in Resources */ = {isa = PBXBuildFile; fileRef = 809B182A250EA60A004185DE /* LaunchScreen.storyboard */; };
		809B1837250EA60B004185DE /* First_TestTests.swift in Sources */ = {isa = PBXBuildFile; fileRef = 809B1836250EA60B004185DE /* First_TestTests.swift */; };
		809B1842250EA78C004185DE /* Hater.swift in Sources */ = {isa = PBXBuildFile; fileRef = 809B1841250EA78C004185DE /* Hater.swift */; };
		80C627DC251A8EDA000A59B3 /* User.swift in Sources */ = {isa = PBXBuildFile; fileRef = 80C627DB251A8EDA000A59B3 /* User.swift */; };
		80C627E1251A8F89000A59B3 /* Notification Tests.swift in Sources */ = {isa = PBXBuildFile; fileRef = 80C627E0251A8F89000A59B3 /* Notification Tests.swift */; };
		80D3511B250FFDE90003D554 /* Converter.swift in Sources */ = {isa = PBXBuildFile; fileRef = 80D3511A250FFDE90003D554 /* Converter.swift */; };
		80D3511D250FFEB00003D554 /* ConverterTests.swift in Sources */ = {isa = PBXBuildFile; fileRef = 80D3511C250FFEB00003D554 /* ConverterTests.swift */; };
		80D351202510067A0003D554 /* LifecycleTests.swift in Sources */ = {isa = PBXBuildFile; fileRef = 80D3511F2510067A0003D554 /* LifecycleTests.swift */; };
		80D351232510181C0003D554 /* ThrowingTests.swift in Sources */ = {isa = PBXBuildFile; fileRef = 80D351222510181C0003D554 /* ThrowingTests.swift */; };
		80D35126251018640003D554 /* Game.swift in Sources */ = {isa = PBXBuildFile; fileRef = 80D35125251018640003D554 /* Game.swift */; };
		80D3513225113E360003D554 /* AsynchronousTests.swift in Sources */ = {isa = PBXBuildFile; fileRef = 80D3513125113E360003D554 /* AsynchronousTests.swift */; };
		80D3513A25113F680003D554 /* PrimeCalculator.swift in Sources */ = {isa = PBXBuildFile; fileRef = 80D3513925113F680003D554 /* PrimeCalculator.swift */; };
/* End PBXBuildFile section */

/* Begin PBXContainerItemProxy section */
		809B1833250EA60B004185DE /* PBXContainerItemProxy */ = {
			isa = PBXContainerItemProxy;
			containerPortal = 809B1814250EA603004185DE /* Project object */;
			proxyType = 1;
			remoteGlobalIDString = 809B181B250EA603004185DE;
			remoteInfo = "First Test";
		};
		80D3513425113E360003D554 /* PBXContainerItemProxy */ = {
			isa = PBXContainerItemProxy;
			containerPortal = 809B1814250EA603004185DE /* Project object */;
			proxyType = 1;
			remoteGlobalIDString = 809B181B250EA603004185DE;
			remoteInfo = "First Test";
		};
/* End PBXContainerItemProxy section */

/* Begin PBXFileReference section */
		809B181C250EA603004185DE /* First Test.app */ = {isa = PBXFileReference; explicitFileType = wrapper.application; includeInIndex = 0; path = "First Test.app"; sourceTree = BUILT_PRODUCTS_DIR; };
		809B181F250EA603004185DE /* AppDelegate.swift */ = {isa = PBXFileReference; lastKnownFileType = sourcecode.swift; path = AppDelegate.swift; sourceTree = "<group>"; };
		809B1821250EA603004185DE /* SceneDelegate.swift */ = {isa = PBXFileReference; lastKnownFileType = sourcecode.swift; path = SceneDelegate.swift; sourceTree = "<group>"; };
		809B1823250EA603004185DE /* ViewController.swift */ = {isa = PBXFileReference; lastKnownFileType = sourcecode.swift; path = ViewController.swift; sourceTree = "<group>"; };
		809B1826250EA603004185DE /* Base */ = {isa = PBXFileReference; lastKnownFileType = file.storyboard; name = Base; path = Base.lproj/Main.storyboard; sourceTree = "<group>"; };
		809B1828250EA60A004185DE /* Assets.xcassets */ = {isa = PBXFileReference; lastKnownFileType = folder.assetcatalog; path = Assets.xcassets; sourceTree = "<group>"; };
		809B182B250EA60A004185DE /* Base */ = {isa = PBXFileReference; lastKnownFileType = file.storyboard; name = Base; path = Base.lproj/LaunchScreen.storyboard; sourceTree = "<group>"; };
		809B182D250EA60A004185DE /* Info.plist */ = {isa = PBXFileReference; lastKnownFileType = text.plist.xml; path = Info.plist; sourceTree = "<group>"; };
		809B1832250EA60B004185DE /* First TestTests.xctest */ = {isa = PBXFileReference; explicitFileType = wrapper.cfbundle; includeInIndex = 0; path = "First TestTests.xctest"; sourceTree = BUILT_PRODUCTS_DIR; };
		809B1836250EA60B004185DE /* First_TestTests.swift */ = {isa = PBXFileReference; lastKnownFileType = sourcecode.swift; path = First_TestTests.swift; sourceTree = "<group>"; };
		809B1838250EA60B004185DE /* Info.plist */ = {isa = PBXFileReference; lastKnownFileType = text.plist.xml; path = Info.plist; sourceTree = "<group>"; };
		809B1841250EA78C004185DE /* Hater.swift */ = {isa = PBXFileReference; lastKnownFileType = sourcecode.swift; path = Hater.swift; sourceTree = "<group>"; };
		80C627DB251A8EDA000A59B3 /* User.swift */ = {isa = PBXFileReference; lastKnownFileType = sourcecode.swift; path = User.swift; sourceTree = "<group>"; };
		80C627E0251A8F89000A59B3 /* Notification Tests.swift */ = {isa = PBXFileReference; lastKnownFileType = sourcecode.swift; path = "Notification Tests.swift"; sourceTree = "<group>"; };
		80D3511A250FFDE90003D554 /* Converter.swift */ = {isa = PBXFileReference; lastKnownFileType = sourcecode.swift; path = Converter.swift; sourceTree = "<group>"; };
		80D3511C250FFEB00003D554 /* ConverterTests.swift */ = {isa = PBXFileReference; lastKnownFileType = sourcecode.swift; path = ConverterTests.swift; sourceTree = "<group>"; };
		80D3511F2510067A0003D554 /* LifecycleTests.swift */ = {isa = PBXFileReference; lastKnownFileType = sourcecode.swift; path = LifecycleTests.swift; sourceTree = "<group>"; };
		80D351222510181C0003D554 /* ThrowingTests.swift */ = {isa = PBXFileReference; lastKnownFileType = sourcecode.swift; path = ThrowingTests.swift; sourceTree = "<group>"; };
		80D35125251018640003D554 /* Game.swift */ = {isa = PBXFileReference; lastKnownFileType = sourcecode.swift; path = Game.swift; sourceTree = "<group>"; };
		80D3512F25113E360003D554 /* AsynchronousTests.xctest */ = {isa = PBXFileReference; explicitFileType = wrapper.cfbundle; includeInIndex = 0; path = AsynchronousTests.xctest; sourceTree = BUILT_PRODUCTS_DIR; };
		80D3513125113E360003D554 /* AsynchronousTests.swift */ = {isa = PBXFileReference; lastKnownFileType = sourcecode.swift; path = AsynchronousTests.swift; sourceTree = "<group>"; };
		80D3513325113E360003D554 /* Info.plist */ = {isa = PBXFileReference; lastKnownFileType = text.plist.xml; path = Info.plist; sourceTree = "<group>"; };
		80D3513925113F680003D554 /* PrimeCalculator.swift */ = {isa = PBXFileReference; lastKnownFileType = sourcecode.swift; path = PrimeCalculator.swift; sourceTree = "<group>"; };
/* End PBXFileReference section */

/* Begin PBXFrameworksBuildPhase section */
		809B1819250EA603004185DE /* Frameworks */ = {
			isa = PBXFrameworksBuildPhase;
			buildActionMask = 2147483647;
			files = (
			);
			runOnlyForDeploymentPostprocessing = 0;
		};
		809B182F250EA60B004185DE /* Frameworks */ = {
			isa = PBXFrameworksBuildPhase;
			buildActionMask = 2147483647;
			files = (
			);
			runOnlyForDeploymentPostprocessing = 0;
		};
		80D3512C25113E360003D554 /* Frameworks */ = {
			isa = PBXFrameworksBuildPhase;
			buildActionMask = 2147483647;
			files = (
			);
			runOnlyForDeploymentPostprocessing = 0;
		};
/* End PBXFrameworksBuildPhase section */

/* Begin PBXGroup section */
		809B1813250EA603004185DE = {
			isa = PBXGroup;
			children = (
				809B181E250EA603004185DE /* First Test */,
				80C627E5251A8F97000A59B3 /* Notification Tests */,
				80D35124251018200003D554 /* Throwing Tests */,
				80D35121251006840003D554 /* Lifecycle Tests */,
				80D3511E250FFECD0003D554 /* Converter Tests */,
				809B1835250EA60B004185DE /* First TestTests */,
				80D3513025113E360003D554 /* AsynchronousTests */,
				809B181D250EA603004185DE /* Products */,
			);
			sourceTree = "<group>";
		};
		809B181D250EA603004185DE /* Products */ = {
			isa = PBXGroup;
			children = (
				809B181C250EA603004185DE /* First Test.app */,
				809B1832250EA60B004185DE /* First TestTests.xctest */,
				80D3512F25113E360003D554 /* AsynchronousTests.xctest */,
			);
			name = Products;
			sourceTree = "<group>";
		};
		809B181E250EA603004185DE /* First Test */ = {
			isa = PBXGroup;
			children = (
				809B181F250EA603004185DE /* AppDelegate.swift */,
				809B1821250EA603004185DE /* SceneDelegate.swift */,
				809B1823250EA603004185DE /* ViewController.swift */,
				809B1825250EA603004185DE /* Main.storyboard */,
				809B1828250EA60A004185DE /* Assets.xcassets */,
				809B182A250EA60A004185DE /* LaunchScreen.storyboard */,
				809B182D250EA60A004185DE /* Info.plist */,
				809B1841250EA78C004185DE /* Hater.swift */,
				80D3511A250FFDE90003D554 /* Converter.swift */,
				80D35125251018640003D554 /* Game.swift */,
				80D3513925113F680003D554 /* PrimeCalculator.swift */,
				80C627DB251A8EDA000A59B3 /* User.swift */,
			);
			path = "First Test";
			sourceTree = "<group>";
		};
		809B1835250EA60B004185DE /* First TestTests */ = {
			isa = PBXGroup;
			children = (
				809B1836250EA60B004185DE /* First_TestTests.swift */,
				809B1838250EA60B004185DE /* Info.plist */,
			);
			path = "First TestTests";
			sourceTree = "<group>";
		};
		80C627E5251A8F97000A59B3 /* Notification Tests */ = {
			isa = PBXGroup;
			children = (
				80C627E0251A8F89000A59B3 /* Notification Tests.swift */,
			);
			path = "Notification Tests";
			sourceTree = "<group>";
		};
		80D3511E250FFECD0003D554 /* Converter Tests */ = {
			isa = PBXGroup;
			children = (
				80D3511C250FFEB00003D554 /* ConverterTests.swift */,
			);
			path = "Converter Tests";
			sourceTree = "<group>";
		};
		80D35121251006840003D554 /* Lifecycle Tests */ = {
			isa = PBXGroup;
			children = (
				80D3511F2510067A0003D554 /* LifecycleTests.swift */,
			);
			path = "Lifecycle Tests";
			sourceTree = "<group>";
		};
		80D35124251018200003D554 /* Throwing Tests */ = {
			isa = PBXGroup;
			children = (
				80D351222510181C0003D554 /* ThrowingTests.swift */,
			);
			path = "Throwing Tests";
			sourceTree = "<group>";
		};
		80D3513025113E360003D554 /* AsynchronousTests */ = {
			isa = PBXGroup;
			children = (
				80D3513125113E360003D554 /* AsynchronousTests.swift */,
				80D3513325113E360003D554 /* Info.plist */,
			);
			path = AsynchronousTests;
			sourceTree = "<group>";
		};
/* End PBXGroup section */

/* Begin PBXNativeTarget section */
		809B181B250EA603004185DE /* First Test */ = {
			isa = PBXNativeTarget;
			buildConfigurationList = 809B183B250EA60B004185DE /* Build configuration list for PBXNativeTarget "First Test" */;
			buildPhases = (
				809B1818250EA603004185DE /* Sources */,
				809B1819250EA603004185DE /* Frameworks */,
				809B181A250EA603004185DE /* Resources */,
			);
			buildRules = (
			);
			dependencies = (
			);
			name = "First Test";
			productName = "First Test";
			productReference = 809B181C250EA603004185DE /* First Test.app */;
			productType = "com.apple.product-type.application";
		};
		809B1831250EA60B004185DE /* First TestTests */ = {
			isa = PBXNativeTarget;
			buildConfigurationList = 809B183E250EA60B004185DE /* Build configuration list for PBXNativeTarget "First TestTests" */;
			buildPhases = (
				809B182E250EA60B004185DE /* Sources */,
				809B182F250EA60B004185DE /* Frameworks */,
				809B1830250EA60B004185DE /* Resources */,
			);
			buildRules = (
			);
			dependencies = (
				809B1834250EA60B004185DE /* PBXTargetDependency */,
			);
			name = "First TestTests";
			productName = "First TestTests";
			productReference = 809B1832250EA60B004185DE /* First TestTests.xctest */;
			productType = "com.apple.product-type.bundle.unit-test";
		};
		80D3512E25113E360003D554 /* AsynchronousTests */ = {
			isa = PBXNativeTarget;
			buildConfigurationList = 80D3513825113E360003D554 /* Build configuration list for PBXNativeTarget "AsynchronousTests" */;
			buildPhases = (
				80D3512B25113E360003D554 /* Sources */,
				80D3512C25113E360003D554 /* Frameworks */,
				80D3512D25113E360003D554 /* Resources */,
			);
			buildRules = (
			);
			dependencies = (
				80D3513525113E360003D554 /* PBXTargetDependency */,
			);
			name = AsynchronousTests;
			productName = AsynchronousTests;
			productReference = 80D3512F25113E360003D554 /* AsynchronousTests.xctest */;
			productType = "com.apple.product-type.bundle.unit-test";
		};
/* End PBXNativeTarget section */

/* Begin PBXProject section */
		809B1814250EA603004185DE /* Project object */ = {
			isa = PBXProject;
			attributes = {
				LastSwiftUpdateCheck = 1160;
				LastUpgradeCheck = 1160;
				ORGANIZATIONNAME = "Jesse Ruiz";
				TargetAttributes = {
					809B181B250EA603004185DE = {
						CreatedOnToolsVersion = 11.6;
					};
					809B1831250EA60B004185DE = {
						CreatedOnToolsVersion = 11.6;
						TestTargetID = 809B181B250EA603004185DE;
					};
					80D3512E25113E360003D554 = {
						CreatedOnToolsVersion = 11.6;
						TestTargetID = 809B181B250EA603004185DE;
					};
				};
			};
			buildConfigurationList = 809B1817250EA603004185DE /* Build configuration list for PBXProject "First Test" */;
			compatibilityVersion = "Xcode 9.3";
			developmentRegion = en;
			hasScannedForEncodings = 0;
			knownRegions = (
				en,
				Base,
			);
			mainGroup = 809B1813250EA603004185DE;
			productRefGroup = 809B181D250EA603004185DE /* Products */;
			projectDirPath = "";
			projectRoot = "";
			targets = (
				809B181B250EA603004185DE /* First Test */,
				809B1831250EA60B004185DE /* First TestTests */,
				80D3512E25113E360003D554 /* AsynchronousTests */,
			);
		};
/* End PBXProject section */

/* Begin PBXResourcesBuildPhase section */
		809B181A250EA603004185DE /* Resources */ = {
			isa = PBXResourcesBuildPhase;
			buildActionMask = 2147483647;
			files = (
				809B182C250EA60A004185DE /* LaunchScreen.storyboard in Resources */,
				809B1829250EA60A004185DE /* Assets.xcassets in Resources */,
				809B1827250EA603004185DE /* Main.storyboard in Resources */,
			);
			runOnlyForDeploymentPostprocessing = 0;
		};
		809B1830250EA60B004185DE /* Resources */ = {
			isa = PBXResourcesBuildPhase;
			buildActionMask = 2147483647;
			files = (
			);
			runOnlyForDeploymentPostprocessing = 0;
		};
		80D3512D25113E360003D554 /* Resources */ = {
			isa = PBXResourcesBuildPhase;
			buildActionMask = 2147483647;
			files = (
			);
			runOnlyForDeploymentPostprocessing = 0;
		};
/* End PBXResourcesBuildPhase section */

/* Begin PBXSourcesBuildPhase section */
		809B1818250EA603004185DE /* Sources */ = {
			isa = PBXSourcesBuildPhase;
			buildActionMask = 2147483647;
			files = (
				809B1824250EA603004185DE /* ViewController.swift in Sources */,
				80D35126251018640003D554 /* Game.swift in Sources */,
				809B1820250EA603004185DE /* AppDelegate.swift in Sources */,
				80D3513A25113F680003D554 /* PrimeCalculator.swift in Sources */,
				80C627DC251A8EDA000A59B3 /* User.swift in Sources */,
				809B1842250EA78C004185DE /* Hater.swift in Sources */,
				809B1822250EA603004185DE /* SceneDelegate.swift in Sources */,
				80D3511B250FFDE90003D554 /* Converter.swift in Sources */,
			);
			runOnlyForDeploymentPostprocessing = 0;
		};
		809B182E250EA60B004185DE /* Sources */ = {
			isa = PBXSourcesBuildPhase;
			buildActionMask = 2147483647;
			files = (
				80D3511D250FFEB00003D554 /* ConverterTests.swift in Sources */,
				80D351202510067A0003D554 /* LifecycleTests.swift in Sources */,
				809B1837250EA60B004185DE /* First_TestTests.swift in Sources */,
				80C627E1251A8F89000A59B3 /* Notification Tests.swift in Sources */,
				80D351232510181C0003D554 /* ThrowingTests.swift in Sources */,
			);
			runOnlyForDeploymentPostprocessing = 0;
		};
		80D3512B25113E360003D554 /* Sources */ = {
			isa = PBXSourcesBuildPhase;
			buildActionMask = 2147483647;
			files = (
				80D3513225113E360003D554 /* AsynchronousTests.swift in Sources */,
			);
			runOnlyForDeploymentPostprocessing = 0;
		};
/* End PBXSourcesBuildPhase section */

/* Begin PBXTargetDependency section */
		809B1834250EA60B004185DE /* PBXTargetDependency */ = {
			isa = PBXTargetDependency;
			target = 809B181B250EA603004185DE /* First Test */;
			targetProxy = 809B1833250EA60B004185DE /* PBXContainerItemProxy */;
		};
		80D3513525113E360003D554 /* PBXTargetDependency */ = {
			isa = PBXTargetDependency;
			target = 809B181B250EA603004185DE /* First Test */;
			targetProxy = 80D3513425113E360003D554 /* PBXContainerItemProxy */;
		};
/* End PBXTargetDependency section */

/* Begin PBXVariantGroup section */
		809B1825250EA603004185DE /* Main.storyboard */ = {
			isa = PBXVariantGroup;
			children = (
				809B1826250EA603004185DE /* Base */,
			);
			name = Main.storyboard;
			sourceTree = "<group>";
		};
		809B182A250EA60A004185DE /* LaunchScreen.storyboard */ = {
			isa = PBXVariantGroup;
			children = (
				809B182B250EA60A004185DE /* Base */,
			);
			name = LaunchScreen.storyboard;
			sourceTree = "<group>";
		};
/* End PBXVariantGroup section */

/* Begin XCBuildConfiguration section */
		809B1839250EA60B004185DE /* Debug */ = {
			isa = XCBuildConfiguration;
			buildSettings = {
				ALWAYS_SEARCH_USER_PATHS = NO;
				CLANG_ANALYZER_NONNULL = YES;
				CLANG_ANALYZER_NUMBER_OBJECT_CONVERSION = YES_AGGRESSIVE;
				CLANG_CXX_LANGUAGE_STANDARD = "gnu++14";
				CLANG_CXX_LIBRARY = "libc++";
				CLANG_ENABLE_MODULES = YES;
				CLANG_ENABLE_OBJC_ARC = YES;
				CLANG_ENABLE_OBJC_WEAK = YES;
				CLANG_WARN_BLOCK_CAPTURE_AUTORELEASING = YES;
				CLANG_WARN_BOOL_CONVERSION = YES;
				CLANG_WARN_COMMA = YES;
				CLANG_WARN_CONSTANT_CONVERSION = YES;
				CLANG_WARN_DEPRECATED_OBJC_IMPLEMENTATIONS = YES;
				CLANG_WARN_DIRECT_OBJC_ISA_USAGE = YES_ERROR;
				CLANG_WARN_DOCUMENTATION_COMMENTS = YES;
				CLANG_WARN_EMPTY_BODY = YES;
				CLANG_WARN_ENUM_CONVERSION = YES;
				CLANG_WARN_INFINITE_RECURSION = YES;
				CLANG_WARN_INT_CONVERSION = YES;
				CLANG_WARN_NON_LITERAL_NULL_CONVERSION = YES;
				CLANG_WARN_OBJC_IMPLICIT_RETAIN_SELF = YES;
				CLANG_WARN_OBJC_LITERAL_CONVERSION = YES;
				CLANG_WARN_OBJC_ROOT_CLASS = YES_ERROR;
				CLANG_WARN_RANGE_LOOP_ANALYSIS = YES;
				CLANG_WARN_STRICT_PROTOTYPES = YES;
				CLANG_WARN_SUSPICIOUS_MOVE = YES;
				CLANG_WARN_UNGUARDED_AVAILABILITY = YES_AGGRESSIVE;
				CLANG_WARN_UNREACHABLE_CODE = YES;
				CLANG_WARN__DUPLICATE_METHOD_MATCH = YES;
				COPY_PHASE_STRIP = NO;
				DEBUG_INFORMATION_FORMAT = dwarf;
				ENABLE_STRICT_OBJC_MSGSEND = YES;
				ENABLE_TESTABILITY = YES;
				GCC_C_LANGUAGE_STANDARD = gnu11;
				GCC_DYNAMIC_NO_PIC = NO;
				GCC_NO_COMMON_BLOCKS = YES;
				GCC_OPTIMIZATION_LEVEL = 0;
				GCC_PREPROCESSOR_DEFINITIONS = (
					"DEBUG=1",
					"$(inherited)",
				);
				GCC_WARN_64_TO_32_BIT_CONVERSION = YES;
				GCC_WARN_ABOUT_RETURN_TYPE = YES_ERROR;
				GCC_WARN_UNDECLARED_SELECTOR = YES;
				GCC_WARN_UNINITIALIZED_AUTOS = YES_AGGRESSIVE;
				GCC_WARN_UNUSED_FUNCTION = YES;
				GCC_WARN_UNUSED_VARIABLE = YES;
				IPHONEOS_DEPLOYMENT_TARGET = 13.6;
				MTL_ENABLE_DEBUG_INFO = INCLUDE_SOURCE;
				MTL_FAST_MATH = YES;
				ONLY_ACTIVE_ARCH = YES;
				SDKROOT = iphoneos;
				SWIFT_ACTIVE_COMPILATION_CONDITIONS = DEBUG;
				SWIFT_OPTIMIZATION_LEVEL = "-Onone";
			};
			name = Debug;
		};
		809B183A250EA60B004185DE /* Release */ = {
			isa = XCBuildConfiguration;
			buildSettings = {
				ALWAYS_SEARCH_USER_PATHS = NO;
				CLANG_ANALYZER_NONNULL = YES;
				CLANG_ANALYZER_NUMBER_OBJECT_CONVERSION = YES_AGGRESSIVE;
				CLANG_CXX_LANGUAGE_STANDARD = "gnu++14";
				CLANG_CXX_LIBRARY = "libc++";
				CLANG_ENABLE_MODULES = YES;
				CLANG_ENABLE_OBJC_ARC = YES;
				CLANG_ENABLE_OBJC_WEAK = YES;
				CLANG_WARN_BLOCK_CAPTURE_AUTORELEASING = YES;
				CLANG_WARN_BOOL_CONVERSION = YES;
				CLANG_WARN_COMMA = YES;
				CLANG_WARN_CONSTANT_CONVERSION = YES;
				CLANG_WARN_DEPRECATED_OBJC_IMPLEMENTATIONS = YES;
				CLANG_WARN_DIRECT_OBJC_ISA_USAGE = YES_ERROR;
				CLANG_WARN_DOCUMENTATION_COMMENTS = YES;
				CLANG_WARN_EMPTY_BODY = YES;
				CLANG_WARN_ENUM_CONVERSION = YES;
				CLANG_WARN_INFINITE_RECURSION = YES;
				CLANG_WARN_INT_CONVERSION = YES;
				CLANG_WARN_NON_LITERAL_NULL_CONVERSION = YES;
				CLANG_WARN_OBJC_IMPLICIT_RETAIN_SELF = YES;
				CLANG_WARN_OBJC_LITERAL_CONVERSION = YES;
				CLANG_WARN_OBJC_ROOT_CLASS = YES_ERROR;
				CLANG_WARN_RANGE_LOOP_ANALYSIS = YES;
				CLANG_WARN_STRICT_PROTOTYPES = YES;
				CLANG_WARN_SUSPICIOUS_MOVE = YES;
				CLANG_WARN_UNGUARDED_AVAILABILITY = YES_AGGRESSIVE;
				CLANG_WARN_UNREACHABLE_CODE = YES;
				CLANG_WARN__DUPLICATE_METHOD_MATCH = YES;
				COPY_PHASE_STRIP = NO;
				DEBUG_INFORMATION_FORMAT = "dwarf-with-dsym";
				ENABLE_NS_ASSERTIONS = NO;
				ENABLE_STRICT_OBJC_MSGSEND = YES;
				GCC_C_LANGUAGE_STANDARD = gnu11;
				GCC_NO_COMMON_BLOCKS = YES;
				GCC_WARN_64_TO_32_BIT_CONVERSION = YES;
				GCC_WARN_ABOUT_RETURN_TYPE = YES_ERROR;
				GCC_WARN_UNDECLARED_SELECTOR = YES;
				GCC_WARN_UNINITIALIZED_AUTOS = YES_AGGRESSIVE;
				GCC_WARN_UNUSED_FUNCTION = YES;
				GCC_WARN_UNUSED_VARIABLE = YES;
				IPHONEOS_DEPLOYMENT_TARGET = 13.6;
				MTL_ENABLE_DEBUG_INFO = NO;
				MTL_FAST_MATH = YES;
				SDKROOT = iphoneos;
				SWIFT_COMPILATION_MODE = wholemodule;
				SWIFT_OPTIMIZATION_LEVEL = "-O";
				VALIDATE_PRODUCT = YES;
			};
			name = Release;
		};
		809B183C250EA60B004185DE /* Debug */ = {
			isa = XCBuildConfiguration;
			buildSettings = {
				ASSETCATALOG_COMPILER_APPICON_NAME = AppIcon;
				CODE_SIGN_STYLE = Automatic;
				DEVELOPMENT_TEAM = 5792949ZYF;
				INFOPLIST_FILE = "First Test/Info.plist";
				LD_RUNPATH_SEARCH_PATHS = (
					"$(inherited)",
					"@executable_path/Frameworks",
				);
				PRODUCT_BUNDLE_IDENTIFIER = "com.jesseruiz.First-Test";
				PRODUCT_NAME = "$(TARGET_NAME)";
				SWIFT_VERSION = 5.0;
				TARGETED_DEVICE_FAMILY = "1,2";
			};
			name = Debug;
		};
		809B183D250EA60B004185DE /* Release */ = {
			isa = XCBuildConfiguration;
			buildSettings = {
				ASSETCATALOG_COMPILER_APPICON_NAME = AppIcon;
				CODE_SIGN_STYLE = Automatic;
				DEVELOPMENT_TEAM = 5792949ZYF;
				INFOPLIST_FILE = "First Test/Info.plist";
				LD_RUNPATH_SEARCH_PATHS = (
					"$(inherited)",
					"@executable_path/Frameworks",
				);
				PRODUCT_BUNDLE_IDENTIFIER = "com.jesseruiz.First-Test";
				PRODUCT_NAME = "$(TARGET_NAME)";
				SWIFT_VERSION = 5.0;
				TARGETED_DEVICE_FAMILY = "1,2";
			};
			name = Release;
		};
		809B183F250EA60B004185DE /* Debug */ = {
			isa = XCBuildConfiguration;
			buildSettings = {
				ALWAYS_EMBED_SWIFT_STANDARD_LIBRARIES = YES;
				BUNDLE_LOADER = "$(TEST_HOST)";
				CODE_SIGN_STYLE = Automatic;
				DEVELOPMENT_TEAM = 5792949ZYF;
				INFOPLIST_FILE = "First TestTests/Info.plist";
				IPHONEOS_DEPLOYMENT_TARGET = 13.6;
				LD_RUNPATH_SEARCH_PATHS = (
					"$(inherited)",
					"@executable_path/Frameworks",
					"@loader_path/Frameworks",
				);
				PRODUCT_BUNDLE_IDENTIFIER = "com.jesseruiz.First-TestTests";
				PRODUCT_NAME = "$(TARGET_NAME)";
				SWIFT_VERSION = 5.0;
				TARGETED_DEVICE_FAMILY = "1,2";
				TEST_HOST = "$(BUILT_PRODUCTS_DIR)/First Test.app/First Test";
			};
			name = Debug;
		};
		809B1840250EA60B004185DE /* Release */ = {
			isa = XCBuildConfiguration;
			buildSettings = {
				ALWAYS_EMBED_SWIFT_STANDARD_LIBRARIES = YES;
				BUNDLE_LOADER = "$(TEST_HOST)";
				CODE_SIGN_STYLE = Automatic;
				DEVELOPMENT_TEAM = 5792949ZYF;
				INFOPLIST_FILE = "First TestTests/Info.plist";
				IPHONEOS_DEPLOYMENT_TARGET = 13.6;
				LD_RUNPATH_SEARCH_PATHS = (
					"$(inherited)",
					"@executable_path/Frameworks",
					"@loader_path/Frameworks",
				);
				PRODUCT_BUNDLE_IDENTIFIER = "com.jesseruiz.First-TestTests";
				PRODUCT_NAME = "$(TARGET_NAME)";
				SWIFT_VERSION = 5.0;
				TARGETED_DEVICE_FAMILY = "1,2";
				TEST_HOST = "$(BUILT_PRODUCTS_DIR)/First Test.app/First Test";
			};
			name = Release;
		};
		80D3513625113E360003D554 /* Debug */ = {
			isa = XCBuildConfiguration;
			buildSettings = {
				BUNDLE_LOADER = "$(TEST_HOST)";
				CODE_SIGN_STYLE = Automatic;
				DEVELOPMENT_TEAM = 5792949ZYF;
				INFOPLIST_FILE = AsynchronousTests/Info.plist;
				LD_RUNPATH_SEARCH_PATHS = (
					"$(inherited)",
					"@executable_path/Frameworks",
					"@loader_path/Frameworks",
				);
				PRODUCT_BUNDLE_IDENTIFIER = com.jesseruiz.AsynchronousTests;
				PRODUCT_NAME = "$(TARGET_NAME)";
				SWIFT_VERSION = 5.0;
				TARGETED_DEVICE_FAMILY = "1,2";
				TEST_HOST = "$(BUILT_PRODUCTS_DIR)/First Test.app/First Test";
			};
			name = Debug;
		};
		80D3513725113E360003D554 /* Release */ = {
			isa = XCBuildConfiguration;
			buildSettings = {
				BUNDLE_LOADER = "$(TEST_HOST)";
				CODE_SIGN_STYLE = Automatic;
				DEVELOPMENT_TEAM = 5792949ZYF;
				INFOPLIST_FILE = AsynchronousTests/Info.plist;
				LD_RUNPATH_SEARCH_PATHS = (
					"$(inherited)",
					"@executable_path/Frameworks",
					"@loader_path/Frameworks",
				);
				PRODUCT_BUNDLE_IDENTIFIER = com.jesseruiz.AsynchronousTests;
				PRODUCT_NAME = "$(TARGET_NAME)";
				SWIFT_VERSION = 5.0;
				TARGETED_DEVICE_FAMILY = "1,2";
				TEST_HOST = "$(BUILT_PRODUCTS_DIR)/First Test.app/First Test";
			};
			name = Release;
		};
/* End XCBuildConfiguration section */

/* Begin XCConfigurationList section */
		809B1817250EA603004185DE /* Build configuration list for PBXProject "First Test" */ = {
			isa = XCConfigurationList;
			buildConfigurations = (
				809B1839250EA60B004185DE /* Debug */,
				809B183A250EA60B004185DE /* Release */,
			);
			defaultConfigurationIsVisible = 0;
			defaultConfigurationName = Release;
		};
		809B183B250EA60B004185DE /* Build configuration list for PBXNativeTarget "First Test" */ = {
			isa = XCConfigurationList;
			buildConfigurations = (
				809B183C250EA60B004185DE /* Debug */,
				809B183D250EA60B004185DE /* Release */,
			);
			defaultConfigurationIsVisible = 0;
			defaultConfigurationName = Release;
		};
		809B183E250EA60B004185DE /* Build configuration list for PBXNativeTarget "First TestTests" */ = {
			isa = XCConfigurationList;
			buildConfigurations = (
				809B183F250EA60B004185DE /* Debug */,
				809B1840250EA60B004185DE /* Release */,
			);
			defaultConfigurationIsVisible = 0;
			defaultConfigurationName = Release;
		};
		80D3513825113E360003D554 /* Build configuration list for PBXNativeTarget "AsynchronousTests" */ = {
			isa = XCConfigurationList;
			buildConfigurations = (
				80D3513625113E360003D554 /* Debug */,
				80D3513725113E360003D554 /* Release */,
			);
			defaultConfigurationIsVisible = 0;
			defaultConfigurationName = Release;
		};
/* End XCConfigurationList section */
	};
	rootObject = 809B1814250EA603004185DE /* Project object */;
}
