// !$*UTF8*$!
{
	archiveVersion = 1;
	classes = {
	};
	objectVersion = 50;
	objects = {

/* Begin PBXBuildFile section */
		80C62809251A9B56000A59B3 /* AppDelegate.swift in Sources */ = {isa = PBXBuildFile; fileRef = 80C62808251A9B56000A59B3 /* AppDelegate.swift */; };
		80C6280B251A9B56000A59B3 /* SceneDelegate.swift in Sources */ = {isa = PBXBuildFile; fileRef = 80C6280A251A9B56000A59B3 /* SceneDelegate.swift */; };
		80C6280D251A9B56000A59B3 /* ViewController.swift in Sources */ = {isa = PBXBuildFile; fileRef = 80C6280C251A9B56000A59B3 /* ViewController.swift */; };
		80C62810251A9B56000A59B3 /* Main.storyboard in Resources */ = {isa = PBXBuildFile; fileRef = 80C6280E251A9B56000A59B3 /* Main.storyboard */; };
		80C62812251A9B5A000A59B3 /* Assets.xcassets in Resources */ = {isa = PBXBuildFile; fileRef = 80C62811251A9B5A000A59B3 /* Assets.xcassets */; };
		80C62815251A9B5A000A59B3 /* LaunchScreen.storyboard in Resources */ = {isa = PBXBuildFile; fileRef = 80C62813251A9B5A000A59B3 /* LaunchScreen.storyboard */; };
		80C62820251A9B5B000A59B3 /* SecondTests.swift in Sources */ = {isa = PBXBuildFile; fileRef = 80C6281F251A9B5B000A59B3 /* SecondTests.swift */; };
		80C6282B251A9B5B000A59B3 /* SecondUITests.swift in Sources */ = {isa = PBXBuildFile; fileRef = 80C6282A251A9B5B000A59B3 /* SecondUITests.swift */; };
		80C6283C251A9C77000A59B3 /* House.swift in Sources */ = {isa = PBXBuildFile; fileRef = 80C6283B251A9C77000A59B3 /* House.swift */; };
		80C62841251AA78A000A59B3 /* User.swift in Sources */ = {isa = PBXBuildFile; fileRef = 80C62840251AA78A000A59B3 /* User.swift */; };
		80C62846251AA78F000A59B3 /* App.swift in Sources */ = {isa = PBXBuildFile; fileRef = 80C62845251AA78F000A59B3 /* App.swift */; };
/* End PBXBuildFile section */

/* Begin PBXContainerItemProxy section */
		80C6281C251A9B5B000A59B3 /* PBXContainerItemProxy */ = {
			isa = PBXContainerItemProxy;
			containerPortal = 80C627FD251A9B56000A59B3 /* Project object */;
			proxyType = 1;
			remoteGlobalIDString = 80C62804251A9B56000A59B3;
			remoteInfo = Second;
		};
		80C62827251A9B5B000A59B3 /* PBXContainerItemProxy */ = {
			isa = PBXContainerItemProxy;
			containerPortal = 80C627FD251A9B56000A59B3 /* Project object */;
			proxyType = 1;
			remoteGlobalIDString = 80C62804251A9B56000A59B3;
			remoteInfo = Second;
		};
/* End PBXContainerItemProxy section */

/* Begin PBXFileReference section */
		80C62805251A9B56000A59B3 /* Second.app */ = {isa = PBXFileReference; explicitFileType = wrapper.application; includeInIndex = 0; path = Second.app; sourceTree = BUILT_PRODUCTS_DIR; };
		80C62808251A9B56000A59B3 /* AppDelegate.swift */ = {isa = PBXFileReference; lastKnownFileType = sourcecode.swift; path = AppDelegate.swift; sourceTree = "<group>"; };
		80C6280A251A9B56000A59B3 /* SceneDelegate.swift */ = {isa = PBXFileReference; lastKnownFileType = sourcecode.swift; path = SceneDelegate.swift; sourceTree = "<group>"; };
		80C6280C251A9B56000A59B3 /* ViewController.swift */ = {isa = PBXFileReference; lastKnownFileType = sourcecode.swift; path = ViewController.swift; sourceTree = "<group>"; };
		80C6280F251A9B56000A59B3 /* Base */ = {isa = PBXFileReference; lastKnownFileType = file.storyboard; name = Base; path = Base.lproj/Main.storyboard; sourceTree = "<group>"; };
		80C62811251A9B5A000A59B3 /* Assets.xcassets */ = {isa = PBXFileReference; lastKnownFileType = folder.assetcatalog; path = Assets.xcassets; sourceTree = "<group>"; };
		80C62814251A9B5A000A59B3 /* Base */ = {isa = PBXFileReference; lastKnownFileType = file.storyboard; name = Base; path = Base.lproj/LaunchScreen.storyboard; sourceTree = "<group>"; };
		80C62816251A9B5A000A59B3 /* Info.plist */ = {isa = PBXFileReference; lastKnownFileType = text.plist.xml; path = Info.plist; sourceTree = "<group>"; };
		80C6281B251A9B5B000A59B3 /* SecondTests.xctest */ = {isa = PBXFileReference; explicitFileType = wrapper.cfbundle; includeInIndex = 0; path = SecondTests.xctest; sourceTree = BUILT_PRODUCTS_DIR; };
		80C6281F251A9B5B000A59B3 /* SecondTests.swift */ = {isa = PBXFileReference; lastKnownFileType = sourcecode.swift; path = SecondTests.swift; sourceTree = "<group>"; };
		80C62821251A9B5B000A59B3 /* Info.plist */ = {isa = PBXFileReference; lastKnownFileType = text.plist.xml; path = Info.plist; sourceTree = "<group>"; };
		80C62826251A9B5B000A59B3 /* SecondUITests.xctest */ = {isa = PBXFileReference; explicitFileType = wrapper.cfbundle; includeInIndex = 0; path = SecondUITests.xctest; sourceTree = BUILT_PRODUCTS_DIR; };
		80C6282A251A9B5B000A59B3 /* SecondUITests.swift */ = {isa = PBXFileReference; lastKnownFileType = sourcecode.swift; path = SecondUITests.swift; sourceTree = "<group>"; };
		80C6282C251A9B5B000A59B3 /* Info.plist */ = {isa = PBXFileReference; lastKnownFileType = text.plist.xml; path = Info.plist; sourceTree = "<group>"; };
		80C6283B251A9C77000A59B3 /* House.swift */ = {isa = PBXFileReference; lastKnownFileType = sourcecode.swift; path = House.swift; sourceTree = "<group>"; };
		80C62840251AA78A000A59B3 /* User.swift */ = {isa = PBXFileReference; lastKnownFileType = sourcecode.swift; path = User.swift; sourceTree = "<group>"; };
		80C62845251AA78F000A59B3 /* App.swift */ = {isa = PBXFileReference; lastKnownFileType = sourcecode.swift; path = App.swift; sourceTree = "<group>"; };
/* End PBXFileReference section */

/* Begin PBXFrameworksBuildPhase section */
		80C62802251A9B56000A59B3 /* Frameworks */ = {
			isa = PBXFrameworksBuildPhase;
			buildActionMask = 2147483647;
			files = (
			);
			runOnlyForDeploymentPostprocessing = 0;
		};
		80C62818251A9B5B000A59B3 /* Frameworks */ = {
			isa = PBXFrameworksBuildPhase;
			buildActionMask = 2147483647;
			files = (
			);
			runOnlyForDeploymentPostprocessing = 0;
		};
		80C62823251A9B5B000A59B3 /* Frameworks */ = {
			isa = PBXFrameworksBuildPhase;
			buildActionMask = 2147483647;
			files = (
			);
			runOnlyForDeploymentPostprocessing = 0;
		};
/* End PBXFrameworksBuildPhase section */

/* Begin PBXGroup section */
		80C627FC251A9B56000A59B3 = {
			isa = PBXGroup;
			children = (
				80C62807251A9B56000A59B3 /* Second */,
				80C6281E251A9B5B000A59B3 /* SecondTests */,
				80C62829251A9B5B000A59B3 /* SecondUITests */,
				80C62806251A9B56000A59B3 /* Products */,
			);
			sourceTree = "<group>";
		};
		80C62806251A9B56000A59B3 /* Products */ = {
			isa = PBXGroup;
			children = (
				80C62805251A9B56000A59B3 /* Second.app */,
				80C6281B251A9B5B000A59B3 /* SecondTests.xctest */,
				80C62826251A9B5B000A59B3 /* SecondUITests.xctest */,
			);
			name = Products;
			sourceTree = "<group>";
		};
		80C62807251A9B56000A59B3 /* Second */ = {
			isa = PBXGroup;
			children = (
				80C62808251A9B56000A59B3 /* AppDelegate.swift */,
				80C6280A251A9B56000A59B3 /* SceneDelegate.swift */,
				80C6280C251A9B56000A59B3 /* ViewController.swift */,
				80C6280E251A9B56000A59B3 /* Main.storyboard */,
				80C62811251A9B5A000A59B3 /* Assets.xcassets */,
				80C62813251A9B5A000A59B3 /* LaunchScreen.storyboard */,
				80C62816251A9B5A000A59B3 /* Info.plist */,
				80C6283B251A9C77000A59B3 /* House.swift */,
				80C62840251AA78A000A59B3 /* User.swift */,
				80C62845251AA78F000A59B3 /* App.swift */,
			);
			path = Second;
			sourceTree = "<group>";
		};
		80C6281E251A9B5B000A59B3 /* SecondTests */ = {
			isa = PBXGroup;
			children = (
				80C6281F251A9B5B000A59B3 /* SecondTests.swift */,
				80C62821251A9B5B000A59B3 /* Info.plist */,
			);
			path = SecondTests;
			sourceTree = "<group>";
		};
		80C62829251A9B5B000A59B3 /* SecondUITests */ = {
			isa = PBXGroup;
			children = (
				80C6282A251A9B5B000A59B3 /* SecondUITests.swift */,
				80C6282C251A9B5B000A59B3 /* Info.plist */,
			);
			path = SecondUITests;
			sourceTree = "<group>";
		};
/* End PBXGroup section */

/* Begin PBXNativeTarget section */
		80C62804251A9B56000A59B3 /* Second */ = {
			isa = PBXNativeTarget;
			buildConfigurationList = 80C6282F251A9B5B000A59B3 /* Build configuration list for PBXNativeTarget "Second" */;
			buildPhases = (
				80C62801251A9B56000A59B3 /* Sources */,
				80C62802251A9B56000A59B3 /* Frameworks */,
				80C62803251A9B56000A59B3 /* Resources */,
			);
			buildRules = (
			);
			dependencies = (
			);
			name = Second;
			productName = Second;
			productReference = 80C62805251A9B56000A59B3 /* Second.app */;
			productType = "com.apple.product-type.application";
		};
		80C6281A251A9B5B000A59B3 /* SecondTests */ = {
			isa = PBXNativeTarget;
			buildConfigurationList = 80C62832251A9B5B000A59B3 /* Build configuration list for PBXNativeTarget "SecondTests" */;
			buildPhases = (
				80C62817251A9B5B000A59B3 /* Sources */,
				80C62818251A9B5B000A59B3 /* Frameworks */,
				80C62819251A9B5B000A59B3 /* Resources */,
			);
			buildRules = (
			);
			dependencies = (
				80C6281D251A9B5B000A59B3 /* PBXTargetDependency */,
			);
			name = SecondTests;
			productName = SecondTests;
			productReference = 80C6281B251A9B5B000A59B3 /* SecondTests.xctest */;
			productType = "com.apple.product-type.bundle.unit-test";
		};
		80C62825251A9B5B000A59B3 /* SecondUITests */ = {
			isa = PBXNativeTarget;
			buildConfigurationList = 80C62835251A9B5B000A59B3 /* Build configuration list for PBXNativeTarget "SecondUITests" */;
			buildPhases = (
				80C62822251A9B5B000A59B3 /* Sources */,
				80C62823251A9B5B000A59B3 /* Frameworks */,
				80C62824251A9B5B000A59B3 /* Resources */,
			);
			buildRules = (
			);
			dependencies = (
				80C62828251A9B5B000A59B3 /* PBXTargetDependency */,
			);
			name = SecondUITests;
			productName = SecondUITests;
			productReference = 80C62826251A9B5B000A59B3 /* SecondUITests.xctest */;
			productType = "com.apple.product-type.bundle.ui-testing";
		};
/* End PBXNativeTarget section */

/* Begin PBXProject section */
		80C627FD251A9B56000A59B3 /* Project object */ = {
			isa = PBXProject;
			attributes = {
				LastSwiftUpdateCheck = 1200;
				LastUpgradeCheck = 1200;
				TargetAttributes = {
					80C62804251A9B56000A59B3 = {
						CreatedOnToolsVersion = 12.0;
					};
					80C6281A251A9B5B000A59B3 = {
						CreatedOnToolsVersion = 12.0;
						TestTargetID = 80C62804251A9B56000A59B3;
					};
					80C62825251A9B5B000A59B3 = {
						CreatedOnToolsVersion = 12.0;
						TestTargetID = 80C62804251A9B56000A59B3;
					};
				};
			};
			buildConfigurationList = 80C62800251A9B56000A59B3 /* Build configuration list for PBXProject "Second" */;
			compatibilityVersion = "Xcode 9.3";
			developmentRegion = en;
			hasScannedForEncodings = 0;
			knownRegions = (
				en,
				Base,
			);
			mainGroup = 80C627FC251A9B56000A59B3;
			productRefGroup = 80C62806251A9B56000A59B3 /* Products */;
			projectDirPath = "";
			projectRoot = "";
			targets = (
				80C62804251A9B56000A59B3 /* Second */,
				80C6281A251A9B5B000A59B3 /* SecondTests */,
				80C62825251A9B5B000A59B3 /* SecondUITests */,
			);
		};
/* End PBXProject section */

/* Begin PBXResourcesBuildPhase section */
		80C62803251A9B56000A59B3 /* Resources */ = {
			isa = PBXResourcesBuildPhase;
			buildActionMask = 2147483647;
			files = (
				80C62815251A9B5A000A59B3 /* LaunchScreen.storyboard in Resources */,
				80C62812251A9B5A000A59B3 /* Assets.xcassets in Resources */,
				80C62810251A9B56000A59B3 /* Main.storyboard in Resources */,
			);
			runOnlyForDeploymentPostprocessing = 0;
		};
		80C62819251A9B5B000A59B3 /* Resources */ = {
			isa = PBXResourcesBuildPhase;
			buildActionMask = 2147483647;
			files = (
			);
			runOnlyForDeploymentPostprocessing = 0;
		};
		80C62824251A9B5B000A59B3 /* Resources */ = {
			isa = PBXResourcesBuildPhase;
			buildActionMask = 2147483647;
			files = (
			);
			runOnlyForDeploymentPostprocessing = 0;
		};
/* End PBXResourcesBuildPhase section */

/* Begin PBXSourcesBuildPhase section */
		80C62801251A9B56000A59B3 /* Sources */ = {
			isa = PBXSourcesBuildPhase;
			buildActionMask = 2147483647;
			files = (
				80C6280D251A9B56000A59B3 /* ViewController.swift in Sources */,
				80C62809251A9B56000A59B3 /* AppDelegate.swift in Sources */,
				80C6283C251A9C77000A59B3 /* House.swift in Sources */,
				80C62846251AA78F000A59B3 /* App.swift in Sources */,
				80C62841251AA78A000A59B3 /* User.swift in Sources */,
				80C6280B251A9B56000A59B3 /* SceneDelegate.swift in Sources */,
			);
			runOnlyForDeploymentPostprocessing = 0;
		};
		80C62817251A9B5B000A59B3 /* Sources */ = {
			isa = PBXSourcesBuildPhase;
			buildActionMask = 2147483647;
			files = (
				80C62820251A9B5B000A59B3 /* SecondTests.swift in Sources */,
			);
			runOnlyForDeploymentPostprocessing = 0;
		};
		80C62822251A9B5B000A59B3 /* Sources */ = {
			isa = PBXSourcesBuildPhase;
			buildActionMask = 2147483647;
			files = (
				80C6282B251A9B5B000A59B3 /* SecondUITests.swift in Sources */,
			);
			runOnlyForDeploymentPostprocessing = 0;
		};
/* End PBXSourcesBuildPhase section */

/* Begin PBXTargetDependency section */
		80C6281D251A9B5B000A59B3 /* PBXTargetDependency */ = {
			isa = PBXTargetDependency;
			target = 80C62804251A9B56000A59B3 /* Second */;
			targetProxy = 80C6281C251A9B5B000A59B3 /* PBXContainerItemProxy */;
		};
		80C62828251A9B5B000A59B3 /* PBXTargetDependency */ = {
			isa = PBXTargetDependency;
			target = 80C62804251A9B56000A59B3 /* Second */;
			targetProxy = 80C62827251A9B5B000A59B3 /* PBXContainerItemProxy */;
		};
/* End PBXTargetDependency section */

/* Begin PBXVariantGroup section */
		80C6280E251A9B56000A59B3 /* Main.storyboard */ = {
			isa = PBXVariantGroup;
			children = (
				80C6280F251A9B56000A59B3 /* Base */,
			);
			name = Main.storyboard;
			sourceTree = "<group>";
		};
		80C62813251A9B5A000A59B3 /* LaunchScreen.storyboard */ = {
			isa = PBXVariantGroup;
			children = (
				80C62814251A9B5A000A59B3 /* Base */,
			);
			name = LaunchScreen.storyboard;
			sourceTree = "<group>";
		};
/* End PBXVariantGroup section */

/* Begin XCBuildConfiguration section */
		80C6282D251A9B5B000A59B3 /* Debug */ = {
			isa = XCBuildConfiguration;
			buildSettings = {
				ALWAYS_SEARCH_USER_PATHS = NO;
				CLANG_ANALYZER_NONNULL = YES;
				CLANG_ANALYZER_NUMBER_OBJECT_CONVERSION = YES_AGGRESSIVE;
				CLANG_CXX_LANGUAGE_STANDARD = "gnu++14";
				CLANG_CXX_LIBRARY = "libc++";
				CLANG_ENABLE_MODULES = YES;
				CLANG_ENABLE_OBJC_ARC = YES;
				CLANG_ENABLE_OBJC_WEAK = YES;
				CLANG_WARN_BLOCK_CAPTURE_AUTORELEASING = YES;
				CLANG_WARN_BOOL_CONVERSION = YES;
				CLANG_WARN_COMMA = YES;
				CLANG_WARN_CONSTANT_CONVERSION = YES;
				CLANG_WARN_DEPRECATED_OBJC_IMPLEMENTATIONS = YES;
				CLANG_WARN_DIRECT_OBJC_ISA_USAGE = YES_ERROR;
				CLANG_WARN_DOCUMENTATION_COMMENTS = YES;
				CLANG_WARN_EMPTY_BODY = YES;
				CLANG_WARN_ENUM_CONVERSION = YES;
				CLANG_WARN_INFINITE_RECURSION = YES;
				CLANG_WARN_INT_CONVERSION = YES;
				CLANG_WARN_NON_LITERAL_NULL_CONVERSION = YES;
				CLANG_WARN_OBJC_IMPLICIT_RETAIN_SELF = YES;
				CLANG_WARN_OBJC_LITERAL_CONVERSION = YES;
				CLANG_WARN_OBJC_ROOT_CLASS = YES_ERROR;
				CLANG_WARN_QUOTED_INCLUDE_IN_FRAMEWORK_HEADER = YES;
				CLANG_WARN_RANGE_LOOP_ANALYSIS = YES;
				CLANG_WARN_STRICT_PROTOTYPES = YES;
				CLANG_WARN_SUSPICIOUS_MOVE = YES;
				CLANG_WARN_UNGUARDED_AVAILABILITY = YES_AGGRESSIVE;
				CLANG_WARN_UNREACHABLE_CODE = YES;
				CLANG_WARN__DUPLICATE_METHOD_MATCH = YES;
				COPY_PHASE_STRIP = NO;
				DEBUG_INFORMATION_FORMAT = dwarf;
				ENABLE_STRICT_OBJC_MSGSEND = YES;
				ENABLE_TESTABILITY = YES;
				GCC_C_LANGUAGE_STANDARD = gnu11;
				GCC_DYNAMIC_NO_PIC = NO;
				GCC_NO_COMMON_BLOCKS = YES;
				GCC_OPTIMIZATION_LEVEL = 0;
				GCC_PREPROCESSOR_DEFINITIONS = (
					"DEBUG=1",
					"$(inherited)",
				);
				GCC_WARN_64_TO_32_BIT_CONVERSION = YES;
				GCC_WARN_ABOUT_RETURN_TYPE = YES_ERROR;
				GCC_WARN_UNDECLARED_SELECTOR = YES;
				GCC_WARN_UNINITIALIZED_AUTOS = YES_AGGRESSIVE;
				GCC_WARN_UNUSED_FUNCTION = YES;
				GCC_WARN_UNUSED_VARIABLE = YES;
				IPHONEOS_DEPLOYMENT_TARGET = 14.0;
				MTL_ENABLE_DEBUG_INFO = INCLUDE_SOURCE;
				MTL_FAST_MATH = YES;
				ONLY_ACTIVE_ARCH = YES;
				SDKROOT = iphoneos;
				SWIFT_ACTIVE_COMPILATION_CONDITIONS = DEBUG;
				SWIFT_OPTIMIZATION_LEVEL = "-Onone";
			};
			name = Debug;
		};
		80C6282E251A9B5B000A59B3 /* Release */ = {
			isa = XCBuildConfiguration;
			buildSettings = {
				ALWAYS_SEARCH_USER_PATHS = NO;
				CLANG_ANALYZER_NONNULL = YES;
				CLANG_ANALYZER_NUMBER_OBJECT_CONVERSION = YES_AGGRESSIVE;
				CLANG_CXX_LANGUAGE_STANDARD = "gnu++14";
				CLANG_CXX_LIBRARY = "libc++";
				CLANG_ENABLE_MODULES = YES;
				CLANG_ENABLE_OBJC_ARC = YES;
				CLANG_ENABLE_OBJC_WEAK = YES;
				CLANG_WARN_BLOCK_CAPTURE_AUTORELEASING = YES;
				CLANG_WARN_BOOL_CONVERSION = YES;
				CLANG_WARN_COMMA = YES;
				CLANG_WARN_CONSTANT_CONVERSION = YES;
				CLANG_WARN_DEPRECATED_OBJC_IMPLEMENTATIONS = YES;
				CLANG_WARN_DIRECT_OBJC_ISA_USAGE = YES_ERROR;
				CLANG_WARN_DOCUMENTATION_COMMENTS = YES;
				CLANG_WARN_EMPTY_BODY = YES;
				CLANG_WARN_ENUM_CONVERSION = YES;
				CLANG_WARN_INFINITE_RECURSION = YES;
				CLANG_WARN_INT_CONVERSION = YES;
				CLANG_WARN_NON_LITERAL_NULL_CONVERSION = YES;
				CLANG_WARN_OBJC_IMPLICIT_RETAIN_SELF = YES;
				CLANG_WARN_OBJC_LITERAL_CONVERSION = YES;
				CLANG_WARN_OBJC_ROOT_CLASS = YES_ERROR;
				CLANG_WARN_QUOTED_INCLUDE_IN_FRAMEWORK_HEADER = YES;
				CLANG_WARN_RANGE_LOOP_ANALYSIS = YES;
				CLANG_WARN_STRICT_PROTOTYPES = YES;
				CLANG_WARN_SUSPICIOUS_MOVE = YES;
				CLANG_WARN_UNGUARDED_AVAILABILITY = YES_AGGRESSIVE;
				CLANG_WARN_UNREACHABLE_CODE = YES;
				CLANG_WARN__DUPLICATE_METHOD_MATCH = YES;
				COPY_PHASE_STRIP = NO;
				DEBUG_INFORMATION_FORMAT = "dwarf-with-dsym";
				ENABLE_NS_ASSERTIONS = NO;
				ENABLE_STRICT_OBJC_MSGSEND = YES;
				GCC_C_LANGUAGE_STANDARD = gnu11;
				GCC_NO_COMMON_BLOCKS = YES;
				GCC_WARN_64_TO_32_BIT_CONVERSION = YES;
				GCC_WARN_ABOUT_RETURN_TYPE = YES_ERROR;
				GCC_WARN_UNDECLARED_SELECTOR = YES;
				GCC_WARN_UNINITIALIZED_AUTOS = YES_AGGRESSIVE;
				GCC_WARN_UNUSED_FUNCTION = YES;
				GCC_WARN_UNUSED_VARIABLE = YES;
				IPHONEOS_DEPLOYMENT_TARGET = 14.0;
				MTL_ENABLE_DEBUG_INFO = NO;
				MTL_FAST_MATH = YES;
				SDKROOT = iphoneos;
				SWIFT_COMPILATION_MODE = wholemodule;
				SWIFT_OPTIMIZATION_LEVEL = "-O";
				VALIDATE_PRODUCT = YES;
			};
			name = Release;
		};
		80C62830251A9B5B000A59B3 /* Debug */ = {
			isa = XCBuildConfiguration;
			buildSettings = {
				ASSETCATALOG_COMPILER_APPICON_NAME = AppIcon;
				ASSETCATALOG_COMPILER_GLOBAL_ACCENT_COLOR_NAME = AccentColor;
				CODE_SIGN_STYLE = Automatic;
				DEVELOPMENT_TEAM = 5792949ZYF;
				INFOPLIST_FILE = Second/Info.plist;
				LD_RUNPATH_SEARCH_PATHS = (
					"$(inherited)",
					"@executable_path/Frameworks",
				);
				PRODUCT_BUNDLE_IDENTIFIER = com.jesseruiz.Second;
				PRODUCT_NAME = "$(TARGET_NAME)";
				SWIFT_VERSION = 5.0;
				TARGETED_DEVICE_FAMILY = "1,2";
			};
			name = Debug;
		};
		80C62831251A9B5B000A59B3 /* Release */ = {
			isa = XCBuildConfiguration;
			buildSettings = {
				ASSETCATALOG_COMPILER_APPICON_NAME = AppIcon;
				ASSETCATALOG_COMPILER_GLOBAL_ACCENT_COLOR_NAME = AccentColor;
				CODE_SIGN_STYLE = Automatic;
				DEVELOPMENT_TEAM = 5792949ZYF;
				INFOPLIST_FILE = Second/Info.plist;
				LD_RUNPATH_SEARCH_PATHS = (
					"$(inherited)",
					"@executable_path/Frameworks",
				);
				PRODUCT_BUNDLE_IDENTIFIER = com.jesseruiz.Second;
				PRODUCT_NAME = "$(TARGET_NAME)";
				SWIFT_VERSION = 5.0;
				TARGETED_DEVICE_FAMILY = "1,2";
			};
			name = Release;
		};
		80C62833251A9B5B000A59B3 /* Debug */ = {
			isa = XCBuildConfiguration;
			buildSettings = {
				ALWAYS_EMBED_SWIFT_STANDARD_LIBRARIES = YES;
				BUNDLE_LOADER = "$(TEST_HOST)";
				CODE_SIGN_STYLE = Automatic;
				DEVELOPMENT_TEAM = 5792949ZYF;
				INFOPLIST_FILE = SecondTests/Info.plist;
				IPHONEOS_DEPLOYMENT_TARGET = 14.0;
				LD_RUNPATH_SEARCH_PATHS = (
					"$(inherited)",
					"@executable_path/Frameworks",
					"@loader_path/Frameworks",
				);
				PRODUCT_BUNDLE_IDENTIFIER = com.jesseruiz.SecondTests;
				PRODUCT_NAME = "$(TARGET_NAME)";
				SWIFT_VERSION = 5.0;
				TARGETED_DEVICE_FAMILY = "1,2";
				TEST_HOST = "$(BUILT_PRODUCTS_DIR)/Second.app/Second";
			};
			name = Debug;
		};
		80C62834251A9B5B000A59B3 /* Release */ = {
			isa = XCBuildConfiguration;
			buildSettings = {
				ALWAYS_EMBED_SWIFT_STANDARD_LIBRARIES = YES;
				BUNDLE_LOADER = "$(TEST_HOST)";
				CODE_SIGN_STYLE = Automatic;
				DEVELOPMENT_TEAM = 5792949ZYF;
				INFOPLIST_FILE = SecondTests/Info.plist;
				IPHONEOS_DEPLOYMENT_TARGET = 14.0;
				LD_RUNPATH_SEARCH_PATHS = (
					"$(inherited)",
					"@executable_path/Frameworks",
					"@loader_path/Frameworks",
				);
				PRODUCT_BUNDLE_IDENTIFIER = com.jesseruiz.SecondTests;
				PRODUCT_NAME = "$(TARGET_NAME)";
				SWIFT_VERSION = 5.0;
				TARGETED_DEVICE_FAMILY = "1,2";
				TEST_HOST = "$(BUILT_PRODUCTS_DIR)/Second.app/Second";
			};
			name = Release;
		};
		80C62836251A9B5B000A59B3 /* Debug */ = {
			isa = XCBuildConfiguration;
			buildSettings = {
				ALWAYS_EMBED_SWIFT_STANDARD_LIBRARIES = YES;
				CODE_SIGN_STYLE = Automatic;
				DEVELOPMENT_TEAM = 5792949ZYF;
				INFOPLIST_FILE = SecondUITests/Info.plist;
				LD_RUNPATH_SEARCH_PATHS = (
					"$(inherited)",
					"@executable_path/Frameworks",
					"@loader_path/Frameworks",
				);
				PRODUCT_BUNDLE_IDENTIFIER = com.jesseruiz.SecondUITests;
				PRODUCT_NAME = "$(TARGET_NAME)";
				SWIFT_VERSION = 5.0;
				TARGETED_DEVICE_FAMILY = "1,2";
				TEST_TARGET_NAME = Second;
			};
			name = Debug;
		};
		80C62837251A9B5B000A59B3 /* Release */ = {
			isa = XCBuildConfiguration;
			buildSettings = {
				ALWAYS_EMBED_SWIFT_STANDARD_LIBRARIES = YES;
				CODE_SIGN_STYLE = Automatic;
				DEVELOPMENT_TEAM = 5792949ZYF;
				INFOPLIST_FILE = SecondUITests/Info.plist;
				LD_RUNPATH_SEARCH_PATHS = (
					"$(inherited)",
					"@executable_path/Frameworks",
					"@loader_path/Frameworks",
				);
				PRODUCT_BUNDLE_IDENTIFIER = com.jesseruiz.SecondUITests;
				PRODUCT_NAME = "$(TARGET_NAME)";
				SWIFT_VERSION = 5.0;
				TARGETED_DEVICE_FAMILY = "1,2";
				TEST_TARGET_NAME = Second;
			};
			name = Release;
		};
/* End XCBuildConfiguration section */

/* Begin XCConfigurationList section */
		80C62800251A9B56000A59B3 /* Build configuration list for PBXProject "Second" */ = {
			isa = XCConfigurationList;
			buildConfigurations = (
				80C6282D251A9B5B000A59B3 /* Debug */,
				80C6282E251A9B5B000A59B3 /* Release */,
			);
			defaultConfigurationIsVisible = 0;
			defaultConfigurationName = Release;
		};
		80C6282F251A9B5B000A59B3 /* Build configuration list for PBXNativeTarget "Second" */ = {
			isa = XCConfigurationList;
			buildConfigurations = (
				80C62830251A9B5B000A59B3 /* Debug */,
				80C62831251A9B5B000A59B3 /* Release */,
			);
			defaultConfigurationIsVisible = 0;
			defaultConfigurationName = Release;
		};
		80C62832251A9B5B000A59B3 /* Build configuration list for PBXNativeTarget "SecondTests" */ = {
			isa = XCConfigurationList;
			buildConfigurations = (
				80C62833251A9B5B000A59B3 /* Debug */,
				80C62834251A9B5B000A59B3 /* Release */,
			);
			defaultConfigurationIsVisible = 0;
			defaultConfigurationName = Release;
		};
		80C62835251A9B5B000A59B3 /* Build configuration list for PBXNativeTarget "SecondUITests" */ = {
			isa = XCConfigurationList;
			buildConfigurations = (
				80C62836251A9B5B000A59B3 /* Debug */,
				80C62837251A9B5B000A59B3 /* Release */,
			);
			defaultConfigurationIsVisible = 0;
			defaultConfigurationName = Release;
		};
/* End XCConfigurationList section */
	};
	rootObject = 80C627FD251A9B56000A59B3 /* Project object */;
}
